// !$*UTF8*$!
{
	archiveVersion = 1;
	classes = {
	};
	objectVersion = 46;
	objects = {

/* Begin PBXBuildFile section */
		2D1EF6701A8FBC3000483D72 /* FirstTableViewController.swift in Sources */ = {isa = PBXBuildFile; fileRef = 2D1EF66F1A8FBC3000483D72 /* FirstTableViewController.swift */; };
		2D1EF6721A8FC60C00483D72 /* SecondTableViewController.swift in Sources */ = {isa = PBXBuildFile; fileRef = 2D1EF6711A8FC60C00483D72 /* SecondTableViewController.swift */; };
		4D222C0A1A8CC3480017419C /* NavControllerViewController.swift in Sources */ = {isa = PBXBuildFile; fileRef = 4D222C091A8CC3480017419C /* NavControllerViewController.swift */; };
		4D970FDF1A8CB4C00088E1B5 /* AppDelegate.swift in Sources */ = {isa = PBXBuildFile; fileRef = 4D970FDE1A8CB4C00088E1B5 /* AppDelegate.swift */; };
		4D970FE41A8CB4C00088E1B5 /* Main.storyboard in Resources */ = {isa = PBXBuildFile; fileRef = 4D970FE21A8CB4C00088E1B5 /* Main.storyboard */; };
		4D970FE61A8CB4C00088E1B5 /* Images.xcassets in Resources */ = {isa = PBXBuildFile; fileRef = 4D970FE51A8CB4C00088E1B5 /* Images.xcassets */; };
		4D970FE91A8CB4C00088E1B5 /* LaunchScreen.xib in Resources */ = {isa = PBXBuildFile; fileRef = 4D970FE71A8CB4C00088E1B5 /* LaunchScreen.xib */; };
		4D970FF51A8CB4C10088E1B5 /* testTests.swift in Sources */ = {isa = PBXBuildFile; fileRef = 4D970FF41A8CB4C10088E1B5 /* testTests.swift */; };
/* End PBXBuildFile section */

/* Begin PBXContainerItemProxy section */
		4D970FEF1A8CB4C10088E1B5 /* PBXContainerItemProxy */ = {
			isa = PBXContainerItemProxy;
			containerPortal = 4D970FD11A8CB4C00088E1B5 /* Project object */;
			proxyType = 1;
			remoteGlobalIDString = 4D970FD81A8CB4C00088E1B5;
			remoteInfo = test;
		};
/* End PBXContainerItemProxy section */

/* Begin PBXFileReference section */
		2D1EF66F1A8FBC3000483D72 /* FirstTableViewController.swift */ = {isa = PBXFileReference; fileEncoding = 4; lastKnownFileType = sourcecode.swift; path = FirstTableViewController.swift; sourceTree = "<group>"; };
		2D1EF6711A8FC60C00483D72 /* SecondTableViewController.swift */ = {isa = PBXFileReference; fileEncoding = 4; lastKnownFileType = sourcecode.swift; path = SecondTableViewController.swift; sourceTree = "<group>"; };
		4D222C091A8CC3480017419C /* NavControllerViewController.swift */ = {isa = PBXFileReference; fileEncoding = 4; lastKnownFileType = sourcecode.swift; path = NavControllerViewController.swift; sourceTree = "<group>"; };
		4D970FD91A8CB4C00088E1B5 /* test.app */ = {isa = PBXFileReference; explicitFileType = wrapper.application; includeInIndex = 0; path = test.app; sourceTree = BUILT_PRODUCTS_DIR; };
		4D970FDD1A8CB4C00088E1B5 /* Info.plist */ = {isa = PBXFileReference; lastKnownFileType = text.plist.xml; path = Info.plist; sourceTree = "<group>"; };
		4D970FDE1A8CB4C00088E1B5 /* AppDelegate.swift */ = {isa = PBXFileReference; lastKnownFileType = sourcecode.swift; path = AppDelegate.swift; sourceTree = "<group>"; };
		4D970FE31A8CB4C00088E1B5 /* Base */ = {isa = PBXFileReference; lastKnownFileType = file.storyboard; name = Base; path = Base.lproj/Main.storyboard; sourceTree = "<group>"; };
		4D970FE51A8CB4C00088E1B5 /* Images.xcassets */ = {isa = PBXFileReference; lastKnownFileType = folder.assetcatalog; path = Images.xcassets; sourceTree = "<group>"; };
		4D970FE81A8CB4C00088E1B5 /* Base */ = {isa = PBXFileReference; lastKnownFileType = file.xib; name = Base; path = Base.lproj/LaunchScreen.xib; sourceTree = "<group>"; };
		4D970FEE1A8CB4C10088E1B5 /* testTests.xctest */ = {isa = PBXFileReference; explicitFileType = wrapper.cfbundle; includeInIndex = 0; path = testTests.xctest; sourceTree = BUILT_PRODUCTS_DIR; };
		4D970FF31A8CB4C10088E1B5 /* Info.plist */ = {isa = PBXFileReference; lastKnownFileType = text.plist.xml; path = Info.plist; sourceTree = "<group>"; };
		4D970FF41A8CB4C10088E1B5 /* testTests.swift */ = {isa = PBXFileReference; lastKnownFileType = sourcecode.swift; path = testTests.swift; sourceTree = "<group>"; };
/* End PBXFileReference section */

/* Begin PBXFrameworksBuildPhase section */
		4D970FD61A8CB4C00088E1B5 /* Frameworks */ = {
			isa = PBXFrameworksBuildPhase;
			buildActionMask = 2147483647;
			files = (
			);
			runOnlyForDeploymentPostprocessing = 0;
		};
		4D970FEB1A8CB4C10088E1B5 /* Frameworks */ = {
			isa = PBXFrameworksBuildPhase;
			buildActionMask = 2147483647;
			files = (
			);
			runOnlyForDeploymentPostprocessing = 0;
		};
/* End PBXFrameworksBuildPhase section */

/* Begin PBXGroup section */
		4D970FD01A8CB4C00088E1B5 = {
			isa = PBXGroup;
			children = (
				4D970FDB1A8CB4C00088E1B5 /* test */,
				4D970FF11A8CB4C10088E1B5 /* testTests */,
				4D970FDA1A8CB4C00088E1B5 /* Products */,
			);
			sourceTree = "<group>";
		};
		4D970FDA1A8CB4C00088E1B5 /* Products */ = {
			isa = PBXGroup;
			children = (
				4D970FD91A8CB4C00088E1B5 /* test.app */,
				4D970FEE1A8CB4C10088E1B5 /* testTests.xctest */,
			);
			name = Products;
			sourceTree = "<group>";
		};
		4D970FDB1A8CB4C00088E1B5 /* test */ = {
			isa = PBXGroup;
			children = (
				4D970FDE1A8CB4C00088E1B5 /* AppDelegate.swift */,
				4D970FE21A8CB4C00088E1B5 /* Main.storyboard */,
				4D970FE51A8CB4C00088E1B5 /* Images.xcassets */,
				4D970FE71A8CB4C00088E1B5 /* LaunchScreen.xib */,
				4D970FDC1A8CB4C00088E1B5 /* Supporting Files */,
				4D222C091A8CC3480017419C /* NavControllerViewController.swift */,
				2D1EF66F1A8FBC3000483D72 /* FirstTableViewController.swift */,
				2D1EF6711A8FC60C00483D72 /* SecondTableViewController.swift */,
			);
			path = test;
			sourceTree = "<group>";
		};
		4D970FDC1A8CB4C00088E1B5 /* Supporting Files */ = {
			isa = PBXGroup;
			children = (
				4D970FDD1A8CB4C00088E1B5 /* Info.plist */,
			);
			name = "Supporting Files";
			sourceTree = "<group>";
		};
		4D970FF11A8CB4C10088E1B5 /* testTests */ = {
			isa = PBXGroup;
			children = (
				4D970FF41A8CB4C10088E1B5 /* testTests.swift */,
				4D970FF21A8CB4C10088E1B5 /* Supporting Files */,
			);
			path = testTests;
			sourceTree = "<group>";
		};
		4D970FF21A8CB4C10088E1B5 /* Supporting Files */ = {
			isa = PBXGroup;
			children = (
				4D970FF31A8CB4C10088E1B5 /* Info.plist */,
			);
			name = "Supporting Files";
			sourceTree = "<group>";
		};
/* End PBXGroup section */

/* Begin PBXNativeTarget section */
		4D970FD81A8CB4C00088E1B5 /* test */ = {
			isa = PBXNativeTarget;
			buildConfigurationList = 4D970FF81A8CB4C10088E1B5 /* Build configuration list for PBXNativeTarget "test" */;
			buildPhases = (
				4D970FD51A8CB4C00088E1B5 /* Sources */,
				4D970FD61A8CB4C00088E1B5 /* Frameworks */,
				4D970FD71A8CB4C00088E1B5 /* Resources */,
			);
			buildRules = (
			);
			dependencies = (
			);
			name = test;
			productName = test;
			productReference = 4D970FD91A8CB4C00088E1B5 /* test.app */;
			productType = "com.apple.product-type.application";
		};
		4D970FED1A8CB4C10088E1B5 /* testTests */ = {
			isa = PBXNativeTarget;
			buildConfigurationList = 4D970FFB1A8CB4C10088E1B5 /* Build configuration list for PBXNativeTarget "testTests" */;
			buildPhases = (
				4D970FEA1A8CB4C10088E1B5 /* Sources */,
				4D970FEB1A8CB4C10088E1B5 /* Frameworks */,
				4D970FEC1A8CB4C10088E1B5 /* Resources */,
			);
			buildRules = (
			);
			dependencies = (
				4D970FF01A8CB4C10088E1B5 /* PBXTargetDependency */,
			);
			name = testTests;
			productName = testTests;
			productReference = 4D970FEE1A8CB4C10088E1B5 /* testTests.xctest */;
			productType = "com.apple.product-type.bundle.unit-test";
		};
/* End PBXNativeTarget section */

/* Begin PBXProject section */
		4D970FD11A8CB4C00088E1B5 /* Project object */ = {
			isa = PBXProject;
			attributes = {
				LastUpgradeCheck = 0610;
				ORGANIZATIONNAME = "Ivo Vacek";
				TargetAttributes = {
					4D970FD81A8CB4C00088E1B5 = {
						CreatedOnToolsVersion = 6.1.1;
					};
					4D970FED1A8CB4C10088E1B5 = {
						CreatedOnToolsVersion = 6.1.1;
						TestTargetID = 4D970FD81A8CB4C00088E1B5;
					};
				};
			};
			buildConfigurationList = 4D970FD41A8CB4C00088E1B5 /* Build configuration list for PBXProject "test" */;
			compatibilityVersion = "Xcode 3.2";
			developmentRegion = English;
			hasScannedForEncodings = 0;
			knownRegions = (
				en,
				Base,
			);
			mainGroup = 4D970FD01A8CB4C00088E1B5;
			productRefGroup = 4D970FDA1A8CB4C00088E1B5 /* Products */;
			projectDirPath = "";
			projectRoot = "";
			targets = (
				4D970FD81A8CB4C00088E1B5 /* test */,
				4D970FED1A8CB4C10088E1B5 /* testTests */,
			);
		};
/* End PBXProject section */

/* Begin PBXResourcesBuildPhase section */
		4D970FD71A8CB4C00088E1B5 /* Resources */ = {
			isa = PBXResourcesBuildPhase;
			buildActionMask = 2147483647;
			files = (
				4D970FE41A8CB4C00088E1B5 /* Main.storyboard in Resources */,
				4D970FE91A8CB4C00088E1B5 /* LaunchScreen.xib in Resources */,
				4D970FE61A8CB4C00088E1B5 /* Images.xcassets in Resources */,
			);
			runOnlyForDeploymentPostprocessing = 0;
		};
		4D970FEC1A8CB4C10088E1B5 /* Resources */ = {
			isa = PBXResourcesBuildPhase;
			buildActionMask = 2147483647;
			files = (
			);
			runOnlyForDeploymentPostprocessing = 0;
		};
/* End PBXResourcesBuildPhase section */

/* Begin PBXSourcesBuildPhase section */
		4D970FD51A8CB4C00088E1B5 /* Sources */ = {
			isa = PBXSourcesBuildPhase;
			buildActionMask = 2147483647;
			files = (
				4D970FDF1A8CB4C00088E1B5 /* AppDelegate.swift in Sources */,
				2D1EF6721A8FC60C00483D72 /* SecondTableViewController.swift in Sources */,
				4D222C0A1A8CC3480017419C /* NavControllerViewController.swift in Sources */,
				2D1EF6701A8FBC3000483D72 /* FirstTableViewController.swift in Sources */,
			);
			runOnlyForDeploymentPostprocessing = 0;
		};
		4D970FEA1A8CB4C10088E1B5 /* Sources */ = {
			isa = PBXSourcesBuildPhase;
			buildActionMask = 2147483647;
			files = (
				4D970FF51A8CB4C10088E1B5 /* testTests.swift in Sources */,
			);
			runOnlyForDeploymentPostprocessing = 0;
		};
/* End PBXSourcesBuildPhase section */

/* Begin PBXTargetDependency section */
		4D970FF01A8CB4C10088E1B5 /* PBXTargetDependency */ = {
			isa = PBXTargetDependency;
			target = 4D970FD81A8CB4C00088E1B5 /* test */;
			targetProxy = 4D970FEF1A8CB4C10088E1B5 /* PBXContainerItemProxy */;
		};
/* End PBXTargetDependency section */

/* Begin PBXVariantGroup section */
		4D970FE21A8CB4C00088E1B5 /* Main.storyboard */ = {
			isa = PBXVariantGroup;
			children = (
				4D970FE31A8CB4C00088E1B5 /* Base */,
			);
			name = Main.storyboard;
			sourceTree = "<group>";
		};
		4D970FE71A8CB4C00088E1B5 /* LaunchScreen.xib */ = {
			isa = PBXVariantGroup;
			children = (
				4D970FE81A8CB4C00088E1B5 /* Base */,
			);
			name = LaunchScreen.xib;
			sourceTree = "<group>";
		};
/* End PBXVariantGroup section */

/* Begin XCBuildConfiguration section */
		4D970FF61A8CB4C10088E1B5 /* Debug */ = {
			isa = XCBuildConfiguration;
			buildSettings = {
				ALWAYS_SEARCH_USER_PATHS = NO;
				CLANG_CXX_LANGUAGE_STANDARD = "gnu++0x";
				CLANG_CXX_LIBRARY = "libc++";
				CLANG_ENABLE_MODULES = YES;
				CLANG_ENABLE_OBJC_ARC = YES;
				CLANG_WARN_BOOL_CONVERSION = YES;
				CLANG_WARN_CONSTANT_CONVERSION = YES;
				CLANG_WARN_DIRECT_OBJC_ISA_USAGE = YES_ERROR;
				CLANG_WARN_EMPTY_BODY = YES;
				CLANG_WARN_ENUM_CONVERSION = YES;
				CLANG_WARN_INT_CONVERSION = YES;
				CLANG_WARN_OBJC_ROOT_CLASS = YES_ERROR;
				CLANG_WARN_UNREACHABLE_CODE = YES;
				CLANG_WARN__DUPLICATE_METHOD_MATCH = YES;
				"CODE_SIGN_IDENTITY[sdk=iphoneos*]" = "iPhone Developer";
				COPY_PHASE_STRIP = NO;
				ENABLE_STRICT_OBJC_MSGSEND = YES;
				GCC_C_LANGUAGE_STANDARD = gnu99;
				GCC_DYNAMIC_NO_PIC = NO;
				GCC_OPTIMIZATION_LEVEL = 0;
				GCC_PREPROCESSOR_DEFINITIONS = (
					"DEBUG=1",
					"$(inherited)",
				);
				GCC_SYMBOLS_PRIVATE_EXTERN = NO;
				GCC_WARN_64_TO_32_BIT_CONVERSION = YES;
				GCC_WARN_ABOUT_RETURN_TYPE = YES_ERROR;
				GCC_WARN_UNDECLARED_SELECTOR = YES;
				GCC_WARN_UNINITIALIZED_AUTOS = YES_AGGRESSIVE;
				GCC_WARN_UNUSED_FUNCTION = YES;
				GCC_WARN_UNUSED_VARIABLE = YES;
				IPHONEOS_DEPLOYMENT_TARGET = 8.1;
				MTL_ENABLE_DEBUG_INFO = YES;
				ONLY_ACTIVE_ARCH = YES;
				SDKROOT = iphoneos;
				SWIFT_OPTIMIZATION_LEVEL = "-Onone";
				TARGETED_DEVICE_FAMILY = "1,2";
			};
			name = Debug;
		};
		4D970FF71A8CB4C10088E1B5 /* Release */ = {
			isa = XCBuildConfiguration;
			buildSettings = {
				ALWAYS_SEARCH_USER_PATHS = NO;
				CLANG_CXX_LANGUAGE_STANDARD = "gnu++0x";
				CLANG_CXX_LIBRARY = "libc++";
				CLANG_ENABLE_MODULES = YES;
				CLANG_ENABLE_OBJC_ARC = YES;
				CLANG_WARN_BOOL_CONVERSION = YES;
				CLANG_WARN_CONSTANT_CONVERSION = YES;
				CLANG_WARN_DIRECT_OBJC_ISA_USAGE = YES_ERROR;
				CLANG_WARN_EMPTY_BODY = YES;
				CLANG_WARN_ENUM_CONVERSION = YES;
				CLANG_WARN_INT_CONVERSION = YES;
				CLANG_WARN_OBJC_ROOT_CLASS = YES_ERROR;
				CLANG_WARN_UNREACHABLE_CODE = YES;
				CLANG_WARN__DUPLICATE_METHOD_MATCH = YES;
				"CODE_SIGN_IDENTITY[sdk=iphoneos*]" = "iPhone Developer";
				COPY_PHASE_STRIP = YES;
				ENABLE_NS_ASSERTIONS = NO;
				ENABLE_STRICT_OBJC_MSGSEND = YES;
				GCC_C_LANGUAGE_STANDARD = gnu99;
				GCC_WARN_64_TO_32_BIT_CONVERSION = YES;
				GCC_WARN_ABOUT_RETURN_TYPE = YES_ERROR;
				GCC_WARN_UNDECLARED_SELECTOR = YES;
				GCC_WARN_UNINITIALIZED_AUTOS = YES_AGGRESSIVE;
				GCC_WARN_UNUSED_FUNCTION = YES;
				GCC_WARN_UNUSED_VARIABLE = YES;
				IPHONEOS_DEPLOYMENT_TARGET = 8.1;
				MTL_ENABLE_DEBUG_INFO = NO;
				SDKROOT = iphoneos;
				TARGETED_DEVICE_FAMILY = "1,2";
				VALIDATE_PRODUCT = YES;
			};
			name = Release;
		};
		4D970FF91A8CB4C10088E1B5 /* Debug */ = {
			isa = XCBuildConfiguration;
			buildSettings = {
				ASSETCATALOG_COMPILER_APPICON_NAME = AppIcon;
				INFOPLIST_FILE = test/Info.plist;
				LD_RUNPATH_SEARCH_PATHS = "$(inherited) @executable_path/Frameworks";
				PRODUCT_NAME = "$(TARGET_NAME)";
			};
			name = Debug;
		};
		4D970FFA1A8CB4C10088E1B5 /* Release */ = {
			isa = XCBuildConfiguration;
			buildSettings = {
				ASSETCATALOG_COMPILER_APPICON_NAME = AppIcon;
				INFOPLIST_FILE = test/Info.plist;
				LD_RUNPATH_SEARCH_PATHS = "$(inherited) @executable_path/Frameworks";
				PRODUCT_NAME = "$(TARGET_NAME)";
			};
			name = Release;
		};
		4D970FFC1A8CB4C10088E1B5 /* Debug */ = {
			isa = XCBuildConfiguration;
			buildSettings = {
				BUNDLE_LOADER = "$(TEST_HOST)";
				FRAMEWORK_SEARCH_PATHS = (
					"$(SDKROOT)/Developer/Library/Frameworks",
					"$(inherited)",
				);
				GCC_PREPROCESSOR_DEFINITIONS = (
					"DEBUG=1",
					"$(inherited)",
				);
				INFOPLIST_FILE = testTests/Info.plist;
				LD_RUNPATH_SEARCH_PATHS = "$(inherited) @executable_path/Frameworks @loader_path/Frameworks";
				PRODUCT_NAME = "$(TARGET_NAME)";
				TEST_HOST = "$(BUILT_PRODUCTS_DIR)/test.app/test";
			};
			name = Debug;
		};
		4D970FFD1A8CB4C10088E1B5 /* Release */ = {
			isa = XCBuildConfiguration;
			buildSettings = {
				BUNDLE_LOADER = "$(TEST_HOST)";
				FRAMEWORK_SEARCH_PATHS = (
					"$(SDKROOT)/Developer/Library/Frameworks",
					"$(inherited)",
				);
				INFOPLIST_FILE = testTests/Info.plist;
				LD_RUNPATH_SEARCH_PATHS = "$(inherited) @executable_path/Frameworks @loader_path/Frameworks";
				PRODUCT_NAME = "$(TARGET_NAME)";
				TEST_HOST = "$(BUILT_PRODUCTS_DIR)/test.app/test";
			};
			name = Release;
		};
/* End XCBuildConfiguration section */

/* Begin XCConfigurationList section */
		4D970FD41A8CB4C00088E1B5 /* Build configuration list for PBXProject "test" */ = {
			isa = XCConfigurationList;
			buildConfigurations = (
				4D970FF61A8CB4C10088E1B5 /* Debug */,
				4D970FF71A8CB4C10088E1B5 /* Release */,
			);
			defaultConfigurationIsVisible = 0;
			defaultConfigurationName = Release;
		};
		4D970FF81A8CB4C10088E1B5 /* Build configuration list for PBXNativeTarget "test" */ = {
			isa = XCConfigurationList;
			buildConfigurations = (
				4D970FF91A8CB4C10088E1B5 /* Debug */,
				4D970FFA1A8CB4C10088E1B5 /* Release */,
			);
			defaultConfigurationIsVisible = 0;
			defaultConfigurationName = Release;
		};
		4D970FFB1A8CB4C10088E1B5 /* Build configuration list for PBXNativeTarget "testTests" */ = {
			isa = XCConfigurationList;
			buildConfigurations = (
				4D970FFC1A8CB4C10088E1B5 /* Debug */,
				4D970FFD1A8CB4C10088E1B5 /* Release */,
			);
			defaultConfigurationIsVisible = 0;
			defaultConfigurationName = Release;
		};
/* End XCConfigurationList section */
	};
	rootObject = 4D970FD11A8CB4C00088E1B5 /* Project object */;
}
